
Microsoft Visual Studio Solution File, Format Version 12.00
# Visual Studio 2012
Project("{FAE04EC0-301F-11D3-BF4B-00C04F79EFBC}") = "Weather", "Weather\Weather.csproj", "{38A8A944-6F78-4560-A69A-1641BB0BA4C7}"
EndProject
Project("{FAE04EC0-301F-11D3-BF4B-00C04F79EFBC}") = "Weather.iOS", "iOS\Weather.iOS.csproj", "{D2DED224-9EB7-4B00-AB55-489323BDCAE8}"
EndProject
Project("{FAE04EC0-301F-11D3-BF4B-00C04F79EFBC}") = "Weather.Droid", "Droid\Weather.Droid.csproj", "{BE5FECD6-9117-484B-B5B3-CF72E6B4A33A}"
EndProject
Project("{FAE04EC0-301F-11D3-BF4B-00C04F79EFBC}") = "Weather.UITests", "UITests\Weather.UITests.csproj", "{453F4734-F79B-4053-BAFC-BC08C7051F88}"
EndProject
Global
	GlobalSection(SolutionConfigurationPlatforms) = preSolution
		Debug|Any CPU = Debug|Any CPU
		Release|Any CPU = Release|Any CPU
		Debug|iPhoneSimulator = Debug|iPhoneSimulator
		Release|iPhone = Release|iPhone
		Release|iPhoneSimulator = Release|iPhoneSimulator
		Debug|iPhone = Debug|iPhone
	EndGlobalSection
	GlobalSection(ProjectConfigurationPlatforms) = postSolution
		{38A8A944-6F78-4560-A69A-1641BB0BA4C7}.Debug|Any CPU.ActiveCfg = Debug|Any CPU
		{38A8A944-6F78-4560-A69A-1641BB0BA4C7}.Debug|Any CPU.Build.0 = Debug|Any CPU
		{38A8A944-6F78-4560-A69A-1641BB0BA4C7}.Debug|iPhone.ActiveCfg = Debug|Any CPU
		{38A8A944-6F78-4560-A69A-1641BB0BA4C7}.Debug|iPhone.Build.0 = Debug|Any CPU
		{38A8A944-6F78-4560-A69A-1641BB0BA4C7}.Debug|iPhoneSimulator.ActiveCfg = Debug|Any CPU
		{38A8A944-6F78-4560-A69A-1641BB0BA4C7}.Debug|iPhoneSimulator.Build.0 = Debug|Any CPU
		{38A8A944-6F78-4560-A69A-1641BB0BA4C7}.Release|Any CPU.ActiveCfg = Release|Any CPU
		{38A8A944-6F78-4560-A69A-1641BB0BA4C7}.Release|Any CPU.Build.0 = Release|Any CPU
		{38A8A944-6F78-4560-A69A-1641BB0BA4C7}.Release|iPhone.ActiveCfg = Release|Any CPU
		{38A8A944-6F78-4560-A69A-1641BB0BA4C7}.Release|iPhone.Build.0 = Release|Any CPU
		{38A8A944-6F78-4560-A69A-1641BB0BA4C7}.Release|iPhoneSimulator.ActiveCfg = Release|Any CPU
		{38A8A944-6F78-4560-A69A-1641BB0BA4C7}.Release|iPhoneSimulator.Build.0 = Release|Any CPU
		{453F4734-F79B-4053-BAFC-BC08C7051F88}.Debug|Any CPU.ActiveCfg = Debug|Any CPU
		{453F4734-F79B-4053-BAFC-BC08C7051F88}.Debug|Any CPU.Build.0 = Debug|Any CPU
		{453F4734-F79B-4053-BAFC-BC08C7051F88}.Debug|iPhone.ActiveCfg = Debug|Any CPU
		{453F4734-F79B-4053-BAFC-BC08C7051F88}.Debug|iPhone.Build.0 = Debug|Any CPU
		{453F4734-F79B-4053-BAFC-BC08C7051F88}.Debug|iPhoneSimulator.ActiveCfg = Debug|Any CPU
		{453F4734-F79B-4053-BAFC-BC08C7051F88}.Debug|iPhoneSimulator.Build.0 = Debug|Any CPU
		{453F4734-F79B-4053-BAFC-BC08C7051F88}.Release|Any CPU.ActiveCfg = Release|Any CPU
		{453F4734-F79B-4053-BAFC-BC08C7051F88}.Release|Any CPU.Build.0 = Release|Any CPU
		{453F4734-F79B-4053-BAFC-BC08C7051F88}.Release|iPhone.ActiveCfg = Release|Any CPU
		{453F4734-F79B-4053-BAFC-BC08C7051F88}.Release|iPhone.Build.0 = Release|Any CPU
		{453F4734-F79B-4053-BAFC-BC08C7051F88}.Release|iPhoneSimulator.ActiveCfg = Release|Any CPU
		{453F4734-F79B-4053-BAFC-BC08C7051F88}.Release|iPhoneSimulator.Build.0 = Release|Any CPU
		{BE5FECD6-9117-484B-B5B3-CF72E6B4A33A}.Debug|Any CPU.ActiveCfg = Debug|Any CPU
		{BE5FECD6-9117-484B-B5B3-CF72E6B4A33A}.Debug|Any CPU.Build.0 = Debug|Any CPU
		{BE5FECD6-9117-484B-B5B3-CF72E6B4A33A}.Debug|iPhone.ActiveCfg = Debug|Any CPU
		{BE5FECD6-9117-484B-B5B3-CF72E6B4A33A}.Debug|iPhone.Build.0 = Debug|Any CPU
		{BE5FECD6-9117-484B-B5B3-CF72E6B4A33A}.Debug|iPhoneSimulator.ActiveCfg = Debug|Any CPU
		{BE5FECD6-9117-484B-B5B3-CF72E6B4A33A}.Debug|iPhoneSimulator.Build.0 = Debug|Any CPU
		{BE5FECD6-9117-484B-B5B3-CF72E6B4A33A}.Release|Any CPU.ActiveCfg = Release|Any CPU
		{BE5FECD6-9117-484B-B5B3-CF72E6B4A33A}.Release|Any CPU.Build.0 = Release|Any CPU
		{BE5FECD6-9117-484B-B5B3-CF72E6B4A33A}.Release|iPhone.ActiveCfg = Release|Any CPU
		{BE5FECD6-9117-484B-B5B3-CF72E6B4A33A}.Release|iPhone.Build.0 = Release|Any CPU
		{BE5FECD6-9117-484B-B5B3-CF72E6B4A33A}.Release|iPhoneSimulator.ActiveCfg = Release|Any CPU
		{BE5FECD6-9117-484B-B5B3-CF72E6B4A33A}.Release|iPhoneSimulator.Build.0 = Release|Any CPU
		{D2DED224-9EB7-4B00-AB55-489323BDCAE8}.Debug|Any CPU.ActiveCfg = Debug|iPhoneSimulator
		{D2DED224-9EB7-4B00-AB55-489323BDCAE8}.Debug|Any CPU.Build.0 = Debug|iPhoneSimulator
		{D2DED224-9EB7-4B00-AB55-489323BDCAE8}.Debug|iPhone.ActiveCfg = Debug|iPhone
		{D2DED224-9EB7-4B00-AB55-489323BDCAE8}.Debug|iPhone.Build.0 = Debug|iPhone
		{D2DED224-9EB7-4B00-AB55-489323BDCAE8}.Debug|iPhoneSimulator.ActiveCfg = Debug|iPhoneSimulator
		{D2DED224-9EB7-4B00-AB55-489323BDCAE8}.Debug|iPhoneSimulator.Build.0 = Debug|iPhoneSimulator
		{D2DED224-9EB7-4B00-AB55-489323BDCAE8}.Release|Any CPU.ActiveCfg = Release|iPhone
		{D2DED224-9EB7-4B00-AB55-489323BDCAE8}.Release|Any CPU.Build.0 = Release|iPhone
		{D2DED224-9EB7-4B00-AB55-489323BDCAE8}.Release|iPhone.ActiveCfg = Release|iPhone
		{D2DED224-9EB7-4B00-AB55-489323BDCAE8}.Release|iPhone.Build.0 = Release|iPhone
		{D2DED224-9EB7-4B00-AB55-489323BDCAE8}.Release|iPhoneSimulator.ActiveCfg = Release|iPhoneSimulator
		{D2DED224-9EB7-4B00-AB55-489323BDCAE8}.Release|iPhoneSimulator.Build.0 = Release|iPhoneSimulator
	EndGlobalSection
EndGlobal
